<?xml version="1.0" encoding="utf-8"?>
<Project ToolsVersion="4.0" xmlns="http://schemas.microsoft.com/developer/msbuild/2003">
  <ItemGroup>
    <Filter Include="Source Files">
      <UniqueIdentifier>{4FC737F1-C7A5-4376-A066-2A32D752A2FF}</UniqueIdentifier>
      <Extensions>cpp;c;cc;cxx;def;odl;idl;hpj;bat;asm;asmx</Extensions>
    </Filter>
    <Filter Include="Header Files">
      <UniqueIdentifier>{93995380-89BD-4b04-88EB-625FBE52EBFB}</UniqueIdentifier>
      <Extensions>h;hpp;hxx;hm;inl;inc;xsd</Extensions>
    </Filter>
    <Filter Include="Resource Files">
      <UniqueIdentifier>{67DA6AB6-F800-4c08-8B7A-83BB121AAD01}</UniqueIdentifier>
      <Extensions>rc;ico;cur;bmp;dlg;rc2;rct;bin;rgs;gif;jpg;jpeg;jpe;resx;tiff;tif;png;wav</Extensions>
    </Filter>
  </ItemGroup>
  <ItemGroup>
    <ClCompile Include="simpen.cpp">
      <Filter>Source Files</Filter>
    </ClCompile>
    <ClCompile Include="pipepen.cpp">
      <Filter>Source Files</Filter>
    </ClCompile>
    <ClCompile Include="RectPenLocate.cpp">
      <Filter>Source Files</Filter>
    </ClCompile>
    <ClCompile Include="ElementHelper.cpp">
      <Filter>Source Files</Filter>
    </ClCompile>
    <ClCompile Include="RectPen.cpp">
      <Filter>Source Files</Filter>
    </ClCompile>
    <ClCompile Include="RectPenPlace.cpp">
      <Filter>Source Files</Filter>
    </ClCompile>
    <ClCompile Include="RectPenDraw.cpp">
      <Filter>Source Files</Filter>
    </ClCompile>
    <ClCompile Include="Opening.cpp">
      <Filter>Source Files</Filter>
    </ClCompile>
    <ClCompile Include="OpeningHelper.cpp">
      <Filter>Source Files</Filter>
    </ClCompile>
    <ClCompile Include="OpeningTask.cpp">
      <Filter>Source Files</Filter>
    </ClCompile>
    <ClCompile Include="CExpression.cpp">
      <Filter>Source Files</Filter>
    </ClCompile>
    <ClCompile Include="OpeningRect.cpp">
      <Filter>Source Files</Filter>
    </ClCompile>
    <ClCompile Include="OpeningByContourTool.cpp">
      <Filter>Source Files</Filter>
    </ClCompile>
    <ClCompile Include="OpeningByTaskTool.cpp">
      <Filter>Source Files</Filter>
    </ClCompile>
    <ClCompile Include="XmlAttributeHelper.cpp">
      <Filter>Source Files</Filter>
    </ClCompile>
  </ItemGroup>
  <ItemGroup>
    <ClInclude Include="simpencmd.h">
      <Filter>Header Files</Filter>
    </ClInclude>
    <ClInclude Include="simpen.h">
      <Filter>Header Files</Filter>
    </ClInclude>
    <ClInclude Include="pipepen.h">
      <Filter>Header Files</Filter>
    </ClInclude>
    <ClInclude Include="english\simpentxt.h">
      <Filter>Header Files</Filter>
    </ClInclude>
    <ClInclude Include="RectPenLocate.h">
      <Filter>Header Files</Filter>
    </ClInclude>
    <ClInclude Include="ElementHelper.h">
      <Filter>Header Files</Filter>
    </ClInclude>
    <ClInclude Include="RectPen.h">
      <Filter>Header Files</Filter>
    </ClInclude>
    <ClInclude Include="RectPenPlace.h">
      <Filter>Header Files</Filter>
    </ClInclude>
    <ClInclude Include="RectPenDraw.h">
      <Filter>Header Files</Filter>
    </ClInclude>
    <ClInclude Include="Opening.h">
      <Filter>Header Files</Filter>
    </ClInclude>
    <ClInclude Include="OpeningHelper.h">
      <Filter>Header Files</Filter>
    </ClInclude>
    <ClInclude Include="OpeningTask.h">
      <Filter>Header Files</Filter>
    </ClInclude>
    <ClInclude Include="CExpression.h">
      <Filter>Header Files</Filter>
    </ClInclude>
    <ClInclude Include="resource.h">
      <Filter>Header Files</Filter>
    </ClInclude>
    <ClInclude Include="OpeningRect.h">
      <Filter>Header Files</Filter>
    </ClInclude>
    <ClInclude Include="OpeningByContourTool.h">
      <Filter>Header Files</Filter>
    </ClInclude>
    <ClInclude Include="OpeningByTaskTool.h">
      <Filter>Header Files</Filter>
    </ClInclude>
    <ClInclude Include="XmlAttributeHelper.h">
      <Filter>Header Files</Filter>
    </ClInclude>
  </ItemGroup>
  <ItemGroup>
    <None Include="simpen.r" />
    <None Include="simpencmd.r" />
    <None Include="simpen.mke" />
    <None Include="english\simpenstr.r" />
    <None Include="simpenrsc.mki" />
    <None Include="simpentyp.mt" />
  </ItemGroup>
  <ItemGroup>
    <ResourceCompile Include="simpen.rc">
      <Filter>Resource Files</Filter>
    </ResourceCompile>
  </ItemGroup>
</Project>